{
  "name": "ajs_hw_3_1",
  "version": "1.0.0",
  "lockfileVersion": 2,
  "requires": true,
  "packages": {
    "": {
      "name": "ajs_hw_3_1",
      "version": "1.0.0",
      "license": "ISC",
      "dependencies": {
        "@biryukova-nadezhda/ajs": "^1.0.0"
      }
    },
    "node_modules/@biryukova-nadezhda/ajs": {
      "version": "1.0.0",
      "resolved": "https://npm.pkg.github.com/download/@biryukova-nadezhda/ajs/1.0.0/1299fbf4223304e23d24793560f6be854e5a4d0e668f6448a7ddf23542520a16",
      "integrity": "sha512-nMnISi+oCCR1uIslLfoJM1q3ELb4dsXbWTslBRPrZMtMng5zpW7urcjcTAtXmSiWapSW/gzO1lvfQ1bG3rhj8w==",
      "license": "ISC"
    }
  },
  "dependencies": {
    "@biryukova-nadezhda/ajs": {
      "version": "1.0.0",
      "resolved": "https://npm.pkg.github.com/download/@biryukova-nadezhda/ajs/1.0.0/1299fbf4223304e23d24793560f6be854e5a4d0e668f6448a7ddf23542520a16",
      "integrity": "sha512-nMnISi+oCCR1uIslLfoJM1q3ELb4dsXbWTslBRPrZMtMng5zpW7urcjcTAtXmSiWapSW/gzO1lvfQ1bG3rhj8w=="
    }
  }
}
